
Microsoft Visual Studio Solution File, Format Version 12.00
# Visual Studio Version 17
VisualStudioVersion = 17.12.35527.113 d17.12
MinimumVisualStudioVersion = 10.0.40219.1
Project("{FAE04EC0-301F-11D3-BF4B-00C04F79EFBC}") = "area", "area\area.csproj", "{DDBB8291-939F-48DB-9B86-78C39E616F0D}"
EndProject
Global
	GlobalSection(SolutionConfigurationPlatforms) = preSolution
		Debug|Any CPU = Debug|Any CPU
		Release|Any CPU = Release|Any CPU
	EndGlobalSection
	GlobalSection(ProjectConfigurationPlatforms) = postSolution
		{DDBB8291-939F-48DB-9B86-78C39E616F0D}.Debug|Any CPU.ActiveCfg = Debug|Any CPU
		{DDBB8291-939F-48DB-9B86-78C39E616F0D}.Debug|Any CPU.Build.0 = Debug|Any CPU
		{DDBB8291-939F-48DB-9B86-78C39E616F0D}.Release|Any CPU.ActiveCfg = Release|Any CPU
		{DDBB8291-939F-48DB-9B86-78C39E616F0D}.Release|Any CPU.Build.0 = Release|Any CPU
	EndGlobalSection
	GlobalSection(SolutionProperties) = preSolution
		HideSolutionNode = FALSE
	EndGlobalSection
EndGlobal
